// !$*UTF8*$!
{
	archiveVersion = 1;
	classes = {
	};
	objectVersion = 46;
	objects = {

/* Begin PBXBuildFile section */
		741F559E1DDED6C000DC863B /* AppDelegate.swift in Sources */ = {isa = PBXBuildFile; fileRef = 741F559D1DDED6C000DC863B /* AppDelegate.swift */; };
		741F55A31DDED6C000DC863B /* Main.storyboard in Resources */ = {isa = PBXBuildFile; fileRef = 741F55A11DDED6C000DC863B /* Main.storyboard */; };
		741F55A51DDED6C000DC863B /* Assets.xcassets in Resources */ = {isa = PBXBuildFile; fileRef = 741F55A41DDED6C000DC863B /* Assets.xcassets */; };
		741F55A81DDED6C000DC863B /* LaunchScreen.storyboard in Resources */ = {isa = PBXBuildFile; fileRef = 741F55A61DDED6C000DC863B /* LaunchScreen.storyboard */; };
		741F55C81DDEE85400DC863B /* MainViewController.swift in Sources */ = {isa = PBXBuildFile; fileRef = 741F55C71DDEE85400DC863B /* MainViewController.swift */; };
		741F55CB1DDEE8F800DC863B /* Home.storyboard in Resources */ = {isa = PBXBuildFile; fileRef = 741F55C91DDEE8F800DC863B /* Home.storyboard */; };
		741F55CE1DDEE90F00DC863B /* Live.storyboard in Resources */ = {isa = PBXBuildFile; fileRef = 741F55CC1DDEE90F00DC863B /* Live.storyboard */; };
		741F55D11DDEE92500DC863B /* Follow.storyboard in Resources */ = {isa = PBXBuildFile; fileRef = 741F55CF1DDEE92500DC863B /* Follow.storyboard */; };
		741F55D41DDEE93D00DC863B /* Profile.storyboard in Resources */ = {isa = PBXBuildFile; fileRef = 741F55D21DDEE93D00DC863B /* Profile.storyboard */; };
		741F55D61DDEF36600DC863B /* HomeViewController.swift in Sources */ = {isa = PBXBuildFile; fileRef = 741F55D51DDEF36600DC863B /* HomeViewController.swift */; };
		741F55D91DDF00B900DC863B /* UIBarButtonItem-Extension.swift in Sources */ = {isa = PBXBuildFile; fileRef = 741F55D81DDF00B900DC863B /* UIBarButtonItem-Extension.swift */; };
		741F55DF1DDF0DCB00DC863B /* Common.swift in Sources */ = {isa = PBXBuildFile; fileRef = 741F55DE1DDF0DCB00DC863B /* Common.swift */; };
		744343611DE6CA2300E5BB62 /* CollectionHeaderView.swift in Sources */ = {isa = PBXBuildFile; fileRef = 7443435F1DE6CA2300E5BB62 /* CollectionHeaderView.swift */; };
		744343621DE6CA2300E5BB62 /* CollectionHeaderView.xib in Resources */ = {isa = PBXBuildFile; fileRef = 744343601DE6CA2300E5BB62 /* CollectionHeaderView.xib */; };
		744343651DE6D02D00E5BB62 /* CollectionViewNormalCell.swift in Sources */ = {isa = PBXBuildFile; fileRef = 744343631DE6D02D00E5BB62 /* CollectionViewNormalCell.swift */; };
		744343661DE6D02D00E5BB62 /* CollectionViewNormalCell.xib in Resources */ = {isa = PBXBuildFile; fileRef = 744343641DE6D02D00E5BB62 /* CollectionViewNormalCell.xib */; };
		744343691DE6DA0C00E5BB62 /* CollectionPrettyCell.swift in Sources */ = {isa = PBXBuildFile; fileRef = 744343671DE6DA0C00E5BB62 /* CollectionPrettyCell.swift */; };
		7443436A1DE6DA0C00E5BB62 /* CollectionPrettyCell.xib in Resources */ = {isa = PBXBuildFile; fileRef = 744343681DE6DA0C00E5BB62 /* CollectionPrettyCell.xib */; };
		744735D41DFA9DC000B32D64 /* AmuseMenuViewCell.swift in Sources */ = {isa = PBXBuildFile; fileRef = 744735D21DFA9DC000B32D64 /* AmuseMenuViewCell.swift */; };
		744735D51DFA9DC000B32D64 /* AmuseMenuViewCell.xib in Resources */ = {isa = PBXBuildFile; fileRef = 744735D31DFA9DC000B32D64 /* AmuseMenuViewCell.xib */; };
		745D1E9A1DF6CA360068D3FD /* RecommendCycleView.swift in Sources */ = {isa = PBXBuildFile; fileRef = 745D1E991DF6CA360068D3FD /* RecommendCycleView.swift */; };
		745D1E9C1DF6CA740068D3FD /* RecommendCycleView.xib in Resources */ = {isa = PBXBuildFile; fileRef = 745D1E9B1DF6CA740068D3FD /* RecommendCycleView.xib */; };
		746DB7641DE4362B001D48D4 /* XZPageTitleView.swift in Sources */ = {isa = PBXBuildFile; fileRef = 746DB7631DE4362B001D48D4 /* XZPageTitleView.swift */; };
		746DB7661DE43720001D48D4 /* XZPageContentView.swift in Sources */ = {isa = PBXBuildFile; fileRef = 746DB7651DE43720001D48D4 /* XZPageContentView.swift */; };
		746DB7681DE43AFF001D48D4 /* UIColor-Extension.swift in Sources */ = {isa = PBXBuildFile; fileRef = 746DB7671DE43AFF001D48D4 /* UIColor-Extension.swift */; };
		7470A7891DEFC75C007F5DDE /* NetworkTools.swift in Sources */ = {isa = PBXBuildFile; fileRef = 7470A7881DEFC75C007F5DDE /* NetworkTools.swift */; };
		7470A78D1DEFD181007F5DDE /* RecommendViewModel.swift in Sources */ = {isa = PBXBuildFile; fileRef = 7470A78C1DEFD181007F5DDE /* RecommendViewModel.swift */; };
		7470A78F1DEFF22F007F5DDE /* NSDate-Extension.swift in Sources */ = {isa = PBXBuildFile; fileRef = 7470A78E1DEFF22F007F5DDE /* NSDate-Extension.swift */; };
		7470A7921DF0061E007F5DDE /* AnchorGroup.swift in Sources */ = {isa = PBXBuildFile; fileRef = 7470A7911DF0061E007F5DDE /* AnchorGroup.swift */; };
		7470A7941DF009EE007F5DDE /* AnchorModel.swift in Sources */ = {isa = PBXBuildFile; fileRef = 7470A7931DF009EE007F5DDE /* AnchorModel.swift */; };
		74875EA41DFA5A1100248FD8 /* AmuseViewController.swift in Sources */ = {isa = PBXBuildFile; fileRef = 74875EA31DFA5A1100248FD8 /* AmuseViewController.swift */; };
		74875EA61DFA5E0B00248FD8 /* AmuseViewModel.swift in Sources */ = {isa = PBXBuildFile; fileRef = 74875EA51DFA5E0B00248FD8 /* AmuseViewModel.swift */; };
		74875EA91DFA79C900248FD8 /* BaseViewModel.swift in Sources */ = {isa = PBXBuildFile; fileRef = 74875EA81DFA79C900248FD8 /* BaseViewModel.swift */; };
		74875EAB1DFA7CFD00248FD8 /* BaseAnchorViewController.swift in Sources */ = {isa = PBXBuildFile; fileRef = 74875EAA1DFA7CFD00248FD8 /* BaseAnchorViewController.swift */; };
		74875EAD1DFA952E00248FD8 /* AmuseMenuView.swift in Sources */ = {isa = PBXBuildFile; fileRef = 74875EAC1DFA952E00248FD8 /* AmuseMenuView.swift */; };
		74875EAF1DFA955300248FD8 /* AmuseMenuView.xib in Resources */ = {isa = PBXBuildFile; fileRef = 74875EAE1DFA955300248FD8 /* AmuseMenuView.xib */; };
		749960841DF57A5D00E740B4 /* CollectionBaseCell.swift in Sources */ = {isa = PBXBuildFile; fileRef = 749960821DF57A5D00E740B4 /* CollectionBaseCell.swift */; };
		749960851DF57A5D00E740B4 /* CollectionBaseCell.xib in Resources */ = {isa = PBXBuildFile; fileRef = 749960831DF57A5D00E740B4 /* CollectionBaseCell.xib */; };
		74D26D741DF7F376003B1D2D /* CycleModel.swift in Sources */ = {isa = PBXBuildFile; fileRef = 74D26D731DF7F376003B1D2D /* CycleModel.swift */; };
		74D26D771DF7FC33003B1D2D /* CollectionCycleCell.swift in Sources */ = {isa = PBXBuildFile; fileRef = 74D26D751DF7FC33003B1D2D /* CollectionCycleCell.swift */; };
		74D26D781DF7FC33003B1D2D /* CollectionCycleCell.xib in Resources */ = {isa = PBXBuildFile; fileRef = 74D26D761DF7FC33003B1D2D /* CollectionCycleCell.xib */; };
		74D26D7A1DF81309003B1D2D /* RecommendGameView.swift in Sources */ = {isa = PBXBuildFile; fileRef = 74D26D791DF81309003B1D2D /* RecommendGameView.swift */; };
		74D26D7C1DF8131F003B1D2D /* RecommendGameView.xib in Resources */ = {isa = PBXBuildFile; fileRef = 74D26D7B1DF8131F003B1D2D /* RecommendGameView.xib */; };
		74D26D7F1DF81C75003B1D2D /* CollectionGameCell.swift in Sources */ = {isa = PBXBuildFile; fileRef = 74D26D7D1DF81C75003B1D2D /* CollectionGameCell.swift */; };
		74D26D801DF81C75003B1D2D /* CollectionGameCell.xib in Resources */ = {isa = PBXBuildFile; fileRef = 74D26D7E1DF81C75003B1D2D /* CollectionGameCell.xib */; };
		74E3D9FC1DE5A16100FF362C /* RecommendViewController.swift in Sources */ = {isa = PBXBuildFile; fileRef = 74E3D9FB1DE5A16100FF362C /* RecommendViewController.swift */; };
		74E4425A1DF956E6009D0C08 /* GameViewController.swift in Sources */ = {isa = PBXBuildFile; fileRef = 74E442591DF956E6009D0C08 /* GameViewController.swift */; };
		74E4425C1DF95F19009D0C08 /* GameViewModel.swift in Sources */ = {isa = PBXBuildFile; fileRef = 74E4425B1DF95F19009D0C08 /* GameViewModel.swift */; };
		74E4425E1DF96206009D0C08 /* GameModel.swift in Sources */ = {isa = PBXBuildFile; fileRef = 74E4425D1DF96206009D0C08 /* GameModel.swift */; };
		74E442601DF9637E009D0C08 /* BaseGameModel.swift in Sources */ = {isa = PBXBuildFile; fileRef = 74E4425F1DF9637E009D0C08 /* BaseGameModel.swift */; };
		D71EC1341F82299F9303D1D9 /* Pods_ZBDY.framework in Frameworks */ = {isa = PBXBuildFile; fileRef = ECCBCC6BD82FBDEAB5FFA2F7 /* Pods_ZBDY.framework */; };
/* End PBXBuildFile section */

/* Begin PBXFileReference section */
		741F559A1DDED6C000DC863B /* ZBDY.app */ = {isa = PBXFileReference; explicitFileType = wrapper.application; includeInIndex = 0; path = ZBDY.app; sourceTree = BUILT_PRODUCTS_DIR; };
		741F559D1DDED6C000DC863B /* AppDelegate.swift */ = {isa = PBXFileReference; lastKnownFileType = sourcecode.swift; path = AppDelegate.swift; sourceTree = "<group>"; };
		741F55A21DDED6C000DC863B /* Base */ = {isa = PBXFileReference; lastKnownFileType = file.storyboard; name = Base; path = Base.lproj/Main.storyboard; sourceTree = "<group>"; };
		741F55A41DDED6C000DC863B /* Assets.xcassets */ = {isa = PBXFileReference; lastKnownFileType = folder.assetcatalog; path = Assets.xcassets; sourceTree = "<group>"; };
		741F55A71DDED6C000DC863B /* Base */ = {isa = PBXFileReference; lastKnownFileType = file.storyboard; name = Base; path = Base.lproj/LaunchScreen.storyboard; sourceTree = "<group>"; };
		741F55A91DDED6C000DC863B /* Info.plist */ = {isa = PBXFileReference; lastKnownFileType = text.plist.xml; path = Info.plist; sourceTree = "<group>"; };
		741F55C71DDEE85400DC863B /* MainViewController.swift */ = {isa = PBXFileReference; fileEncoding = 4; lastKnownFileType = sourcecode.swift; path = MainViewController.swift; sourceTree = "<group>"; };
		741F55CA1DDEE8F800DC863B /* Base */ = {isa = PBXFileReference; lastKnownFileType = file.storyboard; name = Base; path = ZBDY/Base.lproj/Home.storyboard; sourceTree = SOURCE_ROOT; };
		741F55CD1DDEE90F00DC863B /* Base */ = {isa = PBXFileReference; lastKnownFileType = file.storyboard; name = Base; path = ZBDY/Base.lproj/Live.storyboard; sourceTree = SOURCE_ROOT; };
		741F55D01DDEE92500DC863B /* Base */ = {isa = PBXFileReference; lastKnownFileType = file.storyboard; name = Base; path = ZBDY/Base.lproj/Follow.storyboard; sourceTree = SOURCE_ROOT; };
		741F55D31DDEE93D00DC863B /* Base */ = {isa = PBXFileReference; lastKnownFileType = file.storyboard; name = Base; path = ZBDY/Base.lproj/Profile.storyboard; sourceTree = SOURCE_ROOT; };
		741F55D51DDEF36600DC863B /* HomeViewController.swift */ = {isa = PBXFileReference; fileEncoding = 4; lastKnownFileType = sourcecode.swift; path = HomeViewController.swift; sourceTree = "<group>"; };
		741F55D81DDF00B900DC863B /* UIBarButtonItem-Extension.swift */ = {isa = PBXFileReference; fileEncoding = 4; lastKnownFileType = sourcecode.swift; path = "UIBarButtonItem-Extension.swift"; sourceTree = "<group>"; };
		741F55DE1DDF0DCB00DC863B /* Common.swift */ = {isa = PBXFileReference; fileEncoding = 4; lastKnownFileType = sourcecode.swift; path = Common.swift; sourceTree = "<group>"; };
		7443435F1DE6CA2300E5BB62 /* CollectionHeaderView.swift */ = {isa = PBXFileReference; fileEncoding = 4; lastKnownFileType = sourcecode.swift; path = CollectionHeaderView.swift; sourceTree = "<group>"; };
		744343601DE6CA2300E5BB62 /* CollectionHeaderView.xib */ = {isa = PBXFileReference; fileEncoding = 4; lastKnownFileType = file.xib; path = CollectionHeaderView.xib; sourceTree = "<group>"; };
		744343631DE6D02D00E5BB62 /* CollectionViewNormalCell.swift */ = {isa = PBXFileReference; fileEncoding = 4; lastKnownFileType = sourcecode.swift; path = CollectionViewNormalCell.swift; sourceTree = "<group>"; };
		744343641DE6D02D00E5BB62 /* CollectionViewNormalCell.xib */ = {isa = PBXFileReference; fileEncoding = 4; lastKnownFileType = file.xib; path = CollectionViewNormalCell.xib; sourceTree = "<group>"; };
		744343671DE6DA0C00E5BB62 /* CollectionPrettyCell.swift */ = {isa = PBXFileReference; fileEncoding = 4; lastKnownFileType = sourcecode.swift; path = CollectionPrettyCell.swift; sourceTree = "<group>"; };
		744343681DE6DA0C00E5BB62 /* CollectionPrettyCell.xib */ = {isa = PBXFileReference; fileEncoding = 4; lastKnownFileType = file.xib; path = CollectionPrettyCell.xib; sourceTree = "<group>"; };
		744735D21DFA9DC000B32D64 /* AmuseMenuViewCell.swift */ = {isa = PBXFileReference; fileEncoding = 4; lastKnownFileType = sourcecode.swift; path = AmuseMenuViewCell.swift; sourceTree = "<group>"; };
		744735D31DFA9DC000B32D64 /* AmuseMenuViewCell.xib */ = {isa = PBXFileReference; fileEncoding = 4; lastKnownFileType = file.xib; path = AmuseMenuViewCell.xib; sourceTree = "<group>"; };
		745D1E991DF6CA360068D3FD /* RecommendCycleView.swift */ = {isa = PBXFileReference; fileEncoding = 4; lastKnownFileType = sourcecode.swift; path = RecommendCycleView.swift; sourceTree = "<group>"; };
		745D1E9B1DF6CA740068D3FD /* RecommendCycleView.xib */ = {isa = PBXFileReference; fileEncoding = 4; lastKnownFileType = file.xib; path = RecommendCycleView.xib; sourceTree = "<group>"; };
		746DB7631DE4362B001D48D4 /* XZPageTitleView.swift */ = {isa = PBXFileReference; fileEncoding = 4; lastKnownFileType = sourcecode.swift; path = XZPageTitleView.swift; sourceTree = "<group>"; };
		746DB7651DE43720001D48D4 /* XZPageContentView.swift */ = {isa = PBXFileReference; fileEncoding = 4; lastKnownFileType = sourcecode.swift; path = XZPageContentView.swift; sourceTree = "<group>"; };
		746DB7671DE43AFF001D48D4 /* UIColor-Extension.swift */ = {isa = PBXFileReference; fileEncoding = 4; lastKnownFileType = sourcecode.swift; path = "UIColor-Extension.swift"; sourceTree = "<group>"; };
		7470A7881DEFC75C007F5DDE /* NetworkTools.swift */ = {isa = PBXFileReference; fileEncoding = 4; lastKnownFileType = sourcecode.swift; path = NetworkTools.swift; sourceTree = "<group>"; };
		7470A78C1DEFD181007F5DDE /* RecommendViewModel.swift */ = {isa = PBXFileReference; fileEncoding = 4; lastKnownFileType = sourcecode.swift; path = RecommendViewModel.swift; sourceTree = "<group>"; };
		7470A78E1DEFF22F007F5DDE /* NSDate-Extension.swift */ = {isa = PBXFileReference; fileEncoding = 4; lastKnownFileType = sourcecode.swift; path = "NSDate-Extension.swift"; sourceTree = "<group>"; };
		7470A7911DF0061E007F5DDE /* AnchorGroup.swift */ = {isa = PBXFileReference; fileEncoding = 4; lastKnownFileType = sourcecode.swift; path = AnchorGroup.swift; sourceTree = "<group>"; };
		7470A7931DF009EE007F5DDE /* AnchorModel.swift */ = {isa = PBXFileReference; fileEncoding = 4; lastKnownFileType = sourcecode.swift; path = AnchorModel.swift; sourceTree = "<group>"; };
		74875EA31DFA5A1100248FD8 /* AmuseViewController.swift */ = {isa = PBXFileReference; fileEncoding = 4; lastKnownFileType = sourcecode.swift; path = AmuseViewController.swift; sourceTree = "<group>"; };
		74875EA51DFA5E0B00248FD8 /* AmuseViewModel.swift */ = {isa = PBXFileReference; fileEncoding = 4; lastKnownFileType = sourcecode.swift; path = AmuseViewModel.swift; sourceTree = "<group>"; };
		74875EA81DFA79C900248FD8 /* BaseViewModel.swift */ = {isa = PBXFileReference; fileEncoding = 4; lastKnownFileType = sourcecode.swift; path = BaseViewModel.swift; sourceTree = "<group>"; };
		74875EAA1DFA7CFD00248FD8 /* BaseAnchorViewController.swift */ = {isa = PBXFileReference; fileEncoding = 4; lastKnownFileType = sourcecode.swift; path = BaseAnchorViewController.swift; sourceTree = "<group>"; };
		74875EAC1DFA952E00248FD8 /* AmuseMenuView.swift */ = {isa = PBXFileReference; fileEncoding = 4; lastKnownFileType = sourcecode.swift; path = AmuseMenuView.swift; sourceTree = "<group>"; };
		74875EAE1DFA955300248FD8 /* AmuseMenuView.xib */ = {isa = PBXFileReference; fileEncoding = 4; lastKnownFileType = file.xib; path = AmuseMenuView.xib; sourceTree = "<group>"; };
		749960821DF57A5D00E740B4 /* CollectionBaseCell.swift */ = {isa = PBXFileReference; fileEncoding = 4; lastKnownFileType = sourcecode.swift; path = CollectionBaseCell.swift; sourceTree = "<group>"; };
		749960831DF57A5D00E740B4 /* CollectionBaseCell.xib */ = {isa = PBXFileReference; fileEncoding = 4; lastKnownFileType = file.xib; path = CollectionBaseCell.xib; sourceTree = "<group>"; };
		74D26D731DF7F376003B1D2D /* CycleModel.swift */ = {isa = PBXFileReference; fileEncoding = 4; lastKnownFileType = sourcecode.swift; path = CycleModel.swift; sourceTree = "<group>"; };
		74D26D751DF7FC33003B1D2D /* CollectionCycleCell.swift */ = {isa = PBXFileReference; fileEncoding = 4; lastKnownFileType = sourcecode.swift; path = CollectionCycleCell.swift; sourceTree = "<group>"; };
		74D26D761DF7FC33003B1D2D /* CollectionCycleCell.xib */ = {isa = PBXFileReference; fileEncoding = 4; lastKnownFileType = file.xib; path = CollectionCycleCell.xib; sourceTree = "<group>"; };
		74D26D791DF81309003B1D2D /* RecommendGameView.swift */ = {isa = PBXFileReference; fileEncoding = 4; lastKnownFileType = sourcecode.swift; path = RecommendGameView.swift; sourceTree = "<group>"; };
		74D26D7B1DF8131F003B1D2D /* RecommendGameView.xib */ = {isa = PBXFileReference; fileEncoding = 4; lastKnownFileType = file.xib; path = RecommendGameView.xib; sourceTree = "<group>"; };
		74D26D7D1DF81C75003B1D2D /* CollectionGameCell.swift */ = {isa = PBXFileReference; fileEncoding = 4; lastKnownFileType = sourcecode.swift; path = CollectionGameCell.swift; sourceTree = "<group>"; };
		74D26D7E1DF81C75003B1D2D /* CollectionGameCell.xib */ = {isa = PBXFileReference; fileEncoding = 4; lastKnownFileType = file.xib; path = CollectionGameCell.xib; sourceTree = "<group>"; };
		74E3D9FB1DE5A16100FF362C /* RecommendViewController.swift */ = {isa = PBXFileReference; fileEncoding = 4; lastKnownFileType = sourcecode.swift; path = RecommendViewController.swift; sourceTree = "<group>"; };
		74E442591DF956E6009D0C08 /* GameViewController.swift */ = {isa = PBXFileReference; fileEncoding = 4; lastKnownFileType = sourcecode.swift; path = GameViewController.swift; sourceTree = "<group>"; };
		74E4425B1DF95F19009D0C08 /* GameViewModel.swift */ = {isa = PBXFileReference; fileEncoding = 4; lastKnownFileType = sourcecode.swift; path = GameViewModel.swift; sourceTree = "<group>"; };
		74E4425D1DF96206009D0C08 /* GameModel.swift */ = {isa = PBXFileReference; fileEncoding = 4; lastKnownFileType = sourcecode.swift; path = GameModel.swift; sourceTree = "<group>"; };
		74E4425F1DF9637E009D0C08 /* BaseGameModel.swift */ = {isa = PBXFileReference; fileEncoding = 4; lastKnownFileType = sourcecode.swift; path = BaseGameModel.swift; sourceTree = "<group>"; };
		C3E0441F695F0FB96818BDC9 /* Pods-ZBDY.release.xcconfig */ = {isa = PBXFileReference; includeInIndex = 1; lastKnownFileType = text.xcconfig; name = "Pods-ZBDY.release.xcconfig"; path = "Pods/Target Support Files/Pods-ZBDY/Pods-ZBDY.release.xcconfig"; sourceTree = "<group>"; };
		CAAF6AE54B77EF7F13FDE310 /* Pods-ZBDY.debug.xcconfig */ = {isa = PBXFileReference; includeInIndex = 1; lastKnownFileType = text.xcconfig; name = "Pods-ZBDY.debug.xcconfig"; path = "Pods/Target Support Files/Pods-ZBDY/Pods-ZBDY.debug.xcconfig"; sourceTree = "<group>"; };
		ECCBCC6BD82FBDEAB5FFA2F7 /* Pods_ZBDY.framework */ = {isa = PBXFileReference; explicitFileType = wrapper.framework; includeInIndex = 0; path = Pods_ZBDY.framework; sourceTree = BUILT_PRODUCTS_DIR; };
/* End PBXFileReference section */

/* Begin PBXFrameworksBuildPhase section */
		741F55971DDED6C000DC863B /* Frameworks */ = {
			isa = PBXFrameworksBuildPhase;
			buildActionMask = 2147483647;
			files = (
				D71EC1341F82299F9303D1D9 /* Pods_ZBDY.framework in Frameworks */,
			);
			runOnlyForDeploymentPostprocessing = 0;
		};
/* End PBXFrameworksBuildPhase section */

/* Begin PBXGroup section */
		2F568C0BCBA9084789B4A486 /* Frameworks */ = {
			isa = PBXGroup;
			children = (
				ECCBCC6BD82FBDEAB5FFA2F7 /* Pods_ZBDY.framework */,
			);
			name = Frameworks;
			sourceTree = "<group>";
		};
		741F55911DDED6C000DC863B = {
			isa = PBXGroup;
			children = (
				741F559C1DDED6C000DC863B /* ZBDY */,
				741F559B1DDED6C000DC863B /* Products */,
				ADAB390E02F2CBF2563B76D0 /* Pods */,
				2F568C0BCBA9084789B4A486 /* Frameworks */,
			);
			sourceTree = "<group>";
		};
		741F559B1DDED6C000DC863B /* Products */ = {
			isa = PBXGroup;
			children = (
				741F559A1DDED6C000DC863B /* ZBDY.app */,
			);
			name = Products;
			sourceTree = "<group>";
		};
		741F559C1DDED6C000DC863B /* ZBDY */ = {
			isa = PBXGroup;
			children = (
				741F55B11DDEE31900DC863B /* Classes */,
				741F559D1DDED6C000DC863B /* AppDelegate.swift */,
				741F55A41DDED6C000DC863B /* Assets.xcassets */,
				741F55A61DDED6C000DC863B /* LaunchScreen.storyboard */,
				741F55A91DDED6C000DC863B /* Info.plist */,
			);
			path = ZBDY;
			sourceTree = "<group>";
		};
		741F55B11DDEE31900DC863B /* Classes */ = {
			isa = PBXGroup;
			children = (
				741F55BE1DDEE31900DC863B /* Main */,
				741F55B61DDEE31900DC863B /* Home */,
				741F55BA1DDEE31900DC863B /* Live */,
				741F55B21DDEE31900DC863B /* Follow */,
				741F55C21DDEE31900DC863B /* Profile */,
				741F55C61DDEE31900DC863B /* Tools */,
			);
			path = Classes;
			sourceTree = "<group>";
		};
		741F55B21DDEE31900DC863B /* Follow */ = {
			isa = PBXGroup;
			children = (
				741F55B31DDEE31900DC863B /* Controller */,
				741F55B41DDEE31900DC863B /* Model */,
				741F55B51DDEE31900DC863B /* View */,
			);
			path = Follow;
			sourceTree = "<group>";
		};
		741F55B31DDEE31900DC863B /* Controller */ = {
			isa = PBXGroup;
			children = (
				741F55CF1DDEE92500DC863B /* Follow.storyboard */,
			);
			path = Controller;
			sourceTree = "<group>";
		};
		741F55B41DDEE31900DC863B /* Model */ = {
			isa = PBXGroup;
			children = (
			);
			path = Model;
			sourceTree = "<group>";
		};
		741F55B51DDEE31900DC863B /* View */ = {
			isa = PBXGroup;
			children = (
			);
			path = View;
			sourceTree = "<group>";
		};
		741F55B61DDEE31900DC863B /* Home */ = {
			isa = PBXGroup;
			children = (
				7470A78A1DEFD109007F5DDE /* Model */,
				7470A78B1DEFD109007F5DDE /* ViewModel */,
				741F55B71DDEE31900DC863B /* Controller */,
				741F55B91DDEE31900DC863B /* View */,
			);
			path = Home;
			sourceTree = "<group>";
		};
		741F55B71DDEE31900DC863B /* Controller */ = {
			isa = PBXGroup;
			children = (
				741F55C91DDEE8F800DC863B /* Home.storyboard */,
				741F55D51DDEF36600DC863B /* HomeViewController.swift */,
				74E3D9FB1DE5A16100FF362C /* RecommendViewController.swift */,
				74E442591DF956E6009D0C08 /* GameViewController.swift */,
				74875EA31DFA5A1100248FD8 /* AmuseViewController.swift */,
			);
			path = Controller;
			sourceTree = "<group>";
		};
		741F55B91DDEE31900DC863B /* View */ = {
			isa = PBXGroup;
			children = (
				7443435F1DE6CA2300E5BB62 /* CollectionHeaderView.swift */,
				744343601DE6CA2300E5BB62 /* CollectionHeaderView.xib */,
				745D1E991DF6CA360068D3FD /* RecommendCycleView.swift */,
				745D1E9B1DF6CA740068D3FD /* RecommendCycleView.xib */,
				74D26D751DF7FC33003B1D2D /* CollectionCycleCell.swift */,
				74D26D761DF7FC33003B1D2D /* CollectionCycleCell.xib */,
				74D26D791DF81309003B1D2D /* RecommendGameView.swift */,
				74D26D7B1DF8131F003B1D2D /* RecommendGameView.xib */,
				74D26D7D1DF81C75003B1D2D /* CollectionGameCell.swift */,
				74D26D7E1DF81C75003B1D2D /* CollectionGameCell.xib */,
				74875EAC1DFA952E00248FD8 /* AmuseMenuView.swift */,
				74875EAE1DFA955300248FD8 /* AmuseMenuView.xib */,
				744735D21DFA9DC000B32D64 /* AmuseMenuViewCell.swift */,
				744735D31DFA9DC000B32D64 /* AmuseMenuViewCell.xib */,
			);
			path = View;
			sourceTree = "<group>";
		};
		741F55BA1DDEE31900DC863B /* Live */ = {
			isa = PBXGroup;
			children = (
				741F55BB1DDEE31900DC863B /* Controller */,
				741F55BC1DDEE31900DC863B /* Model */,
				741F55BD1DDEE31900DC863B /* View */,
			);
			path = Live;
			sourceTree = "<group>";
		};
		741F55BB1DDEE31900DC863B /* Controller */ = {
			isa = PBXGroup;
			children = (
				741F55CC1DDEE90F00DC863B /* Live.storyboard */,
			);
			path = Controller;
			sourceTree = "<group>";
		};
		741F55BC1DDEE31900DC863B /* Model */ = {
			isa = PBXGroup;
			children = (
			);
			path = Model;
			sourceTree = "<group>";
		};
		741F55BD1DDEE31900DC863B /* View */ = {
			isa = PBXGroup;
			children = (
			);
			path = View;
			sourceTree = "<group>";
		};
		741F55BE1DDEE31900DC863B /* Main */ = {
			isa = PBXGroup;
			children = (
				74875EA71DFA79AE00248FD8 /* ViewModel */,
				7470A7901DF005CA007F5DDE /* Model */,
				741F55BF1DDEE31900DC863B /* Controller */,
				741F55C11DDEE31900DC863B /* View */,
			);
			path = Main;
			sourceTree = "<group>";
		};
		741F55BF1DDEE31900DC863B /* Controller */ = {
			isa = PBXGroup;
			children = (
				741F55A11DDED6C000DC863B /* Main.storyboard */,
				741F55C71DDEE85400DC863B /* MainViewController.swift */,
				74875EAA1DFA7CFD00248FD8 /* BaseAnchorViewController.swift */,
			);
			path = Controller;
			sourceTree = "<group>";
		};
		741F55C11DDEE31900DC863B /* View */ = {
			isa = PBXGroup;
			children = (
				741F55DA1DDF0AA000DC863B /* XZPageView */,
				744343631DE6D02D00E5BB62 /* CollectionViewNormalCell.swift */,
				744343641DE6D02D00E5BB62 /* CollectionViewNormalCell.xib */,
				744343671DE6DA0C00E5BB62 /* CollectionPrettyCell.swift */,
				744343681DE6DA0C00E5BB62 /* CollectionPrettyCell.xib */,
				749960821DF57A5D00E740B4 /* CollectionBaseCell.swift */,
				749960831DF57A5D00E740B4 /* CollectionBaseCell.xib */,
			);
			path = View;
			sourceTree = "<group>";
		};
		741F55C21DDEE31900DC863B /* Profile */ = {
			isa = PBXGroup;
			children = (
				741F55C31DDEE31900DC863B /* Controller */,
				741F55C41DDEE31900DC863B /* Model */,
				741F55C51DDEE31900DC863B /* View */,
			);
			path = Profile;
			sourceTree = "<group>";
		};
		741F55C31DDEE31900DC863B /* Controller */ = {
			isa = PBXGroup;
			children = (
				741F55D21DDEE93D00DC863B /* Profile.storyboard */,
			);
			path = Controller;
			sourceTree = "<group>";
		};
		741F55C41DDEE31900DC863B /* Model */ = {
			isa = PBXGroup;
			children = (
			);
			path = Model;
			sourceTree = "<group>";
		};
		741F55C51DDEE31900DC863B /* View */ = {
			isa = PBXGroup;
			children = (
			);
			path = View;
			sourceTree = "<group>";
		};
		741F55C61DDEE31900DC863B /* Tools */ = {
			isa = PBXGroup;
			children = (
				741F55D71DDF006D00DC863B /* Extension */,
				7470A7881DEFC75C007F5DDE /* NetworkTools.swift */,
				741F55DE1DDF0DCB00DC863B /* Common.swift */,
			);
			path = Tools;
			sourceTree = "<group>";
		};
		741F55D71DDF006D00DC863B /* Extension */ = {
			isa = PBXGroup;
			children = (
				741F55D81DDF00B900DC863B /* UIBarButtonItem-Extension.swift */,
				746DB7671DE43AFF001D48D4 /* UIColor-Extension.swift */,
				7470A78E1DEFF22F007F5DDE /* NSDate-Extension.swift */,
			);
			path = Extension;
			sourceTree = "<group>";
		};
		741F55DA1DDF0AA000DC863B /* XZPageView */ = {
			isa = PBXGroup;
			children = (
				746DB7631DE4362B001D48D4 /* XZPageTitleView.swift */,
				746DB7651DE43720001D48D4 /* XZPageContentView.swift */,
			);
			path = XZPageView;
			sourceTree = "<group>";
		};
		7470A78A1DEFD109007F5DDE /* Model */ = {
			isa = PBXGroup;
			children = (
				74D26D731DF7F376003B1D2D /* CycleModel.swift */,
				74E4425D1DF96206009D0C08 /* GameModel.swift */,
			);
			path = Model;
			sourceTree = "<group>";
		};
		7470A78B1DEFD109007F5DDE /* ViewModel */ = {
			isa = PBXGroup;
			children = (
				7470A78C1DEFD181007F5DDE /* RecommendViewModel.swift */,
				74E4425B1DF95F19009D0C08 /* GameViewModel.swift */,
				74875EA51DFA5E0B00248FD8 /* AmuseViewModel.swift */,
			);
			path = ViewModel;
			sourceTree = "<group>";
		};
		7470A7901DF005CA007F5DDE /* Model */ = {
			isa = PBXGroup;
			children = (
				7470A7911DF0061E007F5DDE /* AnchorGroup.swift */,
				7470A7931DF009EE007F5DDE /* AnchorModel.swift */,
				74E4425F1DF9637E009D0C08 /* BaseGameModel.swift */,
			);
			path = Model;
			sourceTree = "<group>";
		};
		74875EA71DFA79AE00248FD8 /* ViewModel */ = {
			isa = PBXGroup;
			children = (
				74875EA81DFA79C900248FD8 /* BaseViewModel.swift */,
			);
			path = ViewModel;
			sourceTree = "<group>";
		};
		ADAB390E02F2CBF2563B76D0 /* Pods */ = {
			isa = PBXGroup;
			children = (
				CAAF6AE54B77EF7F13FDE310 /* Pods-ZBDY.debug.xcconfig */,
				C3E0441F695F0FB96818BDC9 /* Pods-ZBDY.release.xcconfig */,
			);
			name = Pods;
			sourceTree = "<group>";
		};
/* End PBXGroup section */

/* Begin PBXNativeTarget section */
		741F55991DDED6C000DC863B /* ZBDY */ = {
			isa = PBXNativeTarget;
			buildConfigurationList = 741F55AC1DDED6C000DC863B /* Build configuration list for PBXNativeTarget "ZBDY" */;
			buildPhases = (
				0A742C6D3AF1F997A6927E8F /* [CP] Check Pods Manifest.lock */,
				741F55961DDED6C000DC863B /* Sources */,
				741F55971DDED6C000DC863B /* Frameworks */,
				741F55981DDED6C000DC863B /* Resources */,
				CC9C698EBDC71E48BE40303C /* [CP] Embed Pods Frameworks */,
				C406EEBB912E71500070E83C /* [CP] Copy Pods Resources */,
			);
			buildRules = (
			);
			dependencies = (
			);
			name = ZBDY;
			productName = ZBDY;
			productReference = 741F559A1DDED6C000DC863B /* ZBDY.app */;
			productType = "com.apple.product-type.application";
		};
/* End PBXNativeTarget section */

/* Begin PBXProject section */
		741F55921DDED6C000DC863B /* Project object */ = {
			isa = PBXProject;
			attributes = {
				LastSwiftUpdateCheck = 0800;
				LastUpgradeCheck = 0800;
				ORGANIZATIONNAME = "夜风易冷";
				TargetAttributes = {
					741F55991DDED6C000DC863B = {
						CreatedOnToolsVersion = 8.0;
						DevelopmentTeam = NEDBZL7MPY;
						LastSwiftMigration = 0800;
						ProvisioningStyle = Automatic;
					};
				};
			};
			buildConfigurationList = 741F55951DDED6C000DC863B /* Build configuration list for PBXProject "ZBDY" */;
			compatibilityVersion = "Xcode 3.2";
			developmentRegion = English;
			hasScannedForEncodings = 0;
			knownRegions = (
				en,
				Base,
			);
			mainGroup = 741F55911DDED6C000DC863B;
			productRefGroup = 741F559B1DDED6C000DC863B /* Products */;
			projectDirPath = "";
			projectRoot = "";
			targets = (
				741F55991DDED6C000DC863B /* ZBDY */,
			);
		};
/* End PBXProject section */

/* Begin PBXResourcesBuildPhase section */
		741F55981DDED6C000DC863B /* Resources */ = {
			isa = PBXResourcesBuildPhase;
			buildActionMask = 2147483647;
			files = (
				741F55A81DDED6C000DC863B /* LaunchScreen.storyboard in Resources */,
				744343621DE6CA2300E5BB62 /* CollectionHeaderView.xib in Resources */,
				74D26D801DF81C75003B1D2D /* CollectionGameCell.xib in Resources */,
				741F55A51DDED6C000DC863B /* Assets.xcassets in Resources */,
				741F55A31DDED6C000DC863B /* Main.storyboard in Resources */,
				741F55CE1DDEE90F00DC863B /* Live.storyboard in Resources */,
				74D26D7C1DF8131F003B1D2D /* RecommendGameView.xib in Resources */,
				744343661DE6D02D00E5BB62 /* CollectionViewNormalCell.xib in Resources */,
				749960851DF57A5D00E740B4 /* CollectionBaseCell.xib in Resources */,
				744735D51DFA9DC000B32D64 /* AmuseMenuViewCell.xib in Resources */,
				741F55CB1DDEE8F800DC863B /* Home.storyboard in Resources */,
				745D1E9C1DF6CA740068D3FD /* RecommendCycleView.xib in Resources */,
				7443436A1DE6DA0C00E5BB62 /* CollectionPrettyCell.xib in Resources */,
				74D26D781DF7FC33003B1D2D /* CollectionCycleCell.xib in Resources */,
				74875EAF1DFA955300248FD8 /* AmuseMenuView.xib in Resources */,
				741F55D41DDEE93D00DC863B /* Profile.storyboard in Resources */,
				741F55D11DDEE92500DC863B /* Follow.storyboard in Resources */,
			);
			runOnlyForDeploymentPostprocessing = 0;
		};
/* End PBXResourcesBuildPhase section */

/* Begin PBXShellScriptBuildPhase section */
		0A742C6D3AF1F997A6927E8F /* [CP] Check Pods Manifest.lock */ = {
			isa = PBXShellScriptBuildPhase;
			buildActionMask = 2147483647;
			files = (
			);
			inputPaths = (
			);
			name = "[CP] Check Pods Manifest.lock";
			outputPaths = (
			);
			runOnlyForDeploymentPostprocessing = 0;
			shellPath = /bin/sh;
			shellScript = "diff \"${PODS_ROOT}/../Podfile.lock\" \"${PODS_ROOT}/Manifest.lock\" > /dev/null\nif [[ $? != 0 ]] ; then\n    cat << EOM\nerror: The sandbox is not in sync with the Podfile.lock. Run 'pod install' or update your CocoaPods installation.\nEOM\n    exit 1\nfi\n";
			showEnvVarsInLog = 0;
		};
		C406EEBB912E71500070E83C /* [CP] Copy Pods Resources */ = {
			isa = PBXShellScriptBuildPhase;
			buildActionMask = 2147483647;
			files = (
			);
			inputPaths = (
			);
			name = "[CP] Copy Pods Resources";
			outputPaths = (
			);
			runOnlyForDeploymentPostprocessing = 0;
			shellPath = /bin/sh;
			shellScript = "\"${SRCROOT}/Pods/Target Support Files/Pods-ZBDY/Pods-ZBDY-resources.sh\"\n";
			showEnvVarsInLog = 0;
		};
		CC9C698EBDC71E48BE40303C /* [CP] Embed Pods Frameworks */ = {
			isa = PBXShellScriptBuildPhase;
			buildActionMask = 2147483647;
			files = (
			);
			inputPaths = (
			);
			name = "[CP] Embed Pods Frameworks";
			outputPaths = (
			);
			runOnlyForDeploymentPostprocessing = 0;
			shellPath = /bin/sh;
			shellScript = "\"${SRCROOT}/Pods/Target Support Files/Pods-ZBDY/Pods-ZBDY-frameworks.sh\"\n";
			showEnvVarsInLog = 0;
		};
/* End PBXShellScriptBuildPhase section */

/* Begin PBXSourcesBuildPhase section */
		741F55961DDED6C000DC863B /* Sources */ = {
			isa = PBXSourcesBuildPhase;
			buildActionMask = 2147483647;
			files = (
				745D1E9A1DF6CA360068D3FD /* RecommendCycleView.swift in Sources */,
				741F559E1DDED6C000DC863B /* AppDelegate.swift in Sources */,
				74875EA61DFA5E0B00248FD8 /* AmuseViewModel.swift in Sources */,
				744343611DE6CA2300E5BB62 /* CollectionHeaderView.swift in Sources */,
				74E4425C1DF95F19009D0C08 /* GameViewModel.swift in Sources */,
				746DB7681DE43AFF001D48D4 /* UIColor-Extension.swift in Sources */,
				74875EAB1DFA7CFD00248FD8 /* BaseAnchorViewController.swift in Sources */,
				74E4425A1DF956E6009D0C08 /* GameViewController.swift in Sources */,
				74E3D9FC1DE5A16100FF362C /* RecommendViewController.swift in Sources */,
				7470A7921DF0061E007F5DDE /* AnchorGroup.swift in Sources */,
				744735D41DFA9DC000B32D64 /* AmuseMenuViewCell.swift in Sources */,
				741F55C81DDEE85400DC863B /* MainViewController.swift in Sources */,
				744343651DE6D02D00E5BB62 /* CollectionViewNormalCell.swift in Sources */,
				74875EA91DFA79C900248FD8 /* BaseViewModel.swift in Sources */,
				74D26D771DF7FC33003B1D2D /* CollectionCycleCell.swift in Sources */,
				74E4425E1DF96206009D0C08 /* GameModel.swift in Sources */,
				74E442601DF9637E009D0C08 /* BaseGameModel.swift in Sources */,
				74D26D741DF7F376003B1D2D /* CycleModel.swift in Sources */,
				74875EA41DFA5A1100248FD8 /* AmuseViewController.swift in Sources */,
				741F55D91DDF00B900DC863B /* UIBarButtonItem-Extension.swift in Sources */,
				741F55D61DDEF36600DC863B /* HomeViewController.swift in Sources */,
				746DB7641DE4362B001D48D4 /* XZPageTitleView.swift in Sources */,
				74D26D7A1DF81309003B1D2D /* RecommendGameView.swift in Sources */,
				744343691DE6DA0C00E5BB62 /* CollectionPrettyCell.swift in Sources */,
				7470A78F1DEFF22F007F5DDE /* NSDate-Extension.swift in Sources */,
				749960841DF57A5D00E740B4 /* CollectionBaseCell.swift in Sources */,
				74875EAD1DFA952E00248FD8 /* AmuseMenuView.swift in Sources */,
				741F55DF1DDF0DCB00DC863B /* Common.swift in Sources */,
				74D26D7F1DF81C75003B1D2D /* CollectionGameCell.swift in Sources */,
				7470A7891DEFC75C007F5DDE /* NetworkTools.swift in Sources */,
				746DB7661DE43720001D48D4 /* XZPageContentView.swift in Sources */,
				7470A78D1DEFD181007F5DDE /* RecommendViewModel.swift in Sources */,
				7470A7941DF009EE007F5DDE /* AnchorModel.swift in Sources */,
			);
			runOnlyForDeploymentPostprocessing = 0;
		};
/* End PBXSourcesBuildPhase section */

/* Begin PBXVariantGroup section */
		741F55A11DDED6C000DC863B /* Main.storyboard */ = {
			isa = PBXVariantGroup;
			children = (
				741F55A21DDED6C000DC863B /* Base */,
			);
			name = Main.storyboard;
			path = ../../..;
			sourceTree = "<group>";
		};
		741F55A61DDED6C000DC863B /* LaunchScreen.storyboard */ = {
			isa = PBXVariantGroup;
			children = (
				741F55A71DDED6C000DC863B /* Base */,
			);
			name = LaunchScreen.storyboard;
			sourceTree = "<group>";
		};
		741F55C91DDEE8F800DC863B /* Home.storyboard */ = {
			isa = PBXVariantGroup;
			children = (
				741F55CA1DDEE8F800DC863B /* Base */,
			);
			name = Home.storyboard;
			path = ../../Main;
			sourceTree = "<group>";
		};
		741F55CC1DDEE90F00DC863B /* Live.storyboard */ = {
			isa = PBXVariantGroup;
			children = (
				741F55CD1DDEE90F00DC863B /* Base */,
			);
			name = Live.storyboard;
			path = ../../Main;
			sourceTree = "<group>";
		};
		741F55CF1DDEE92500DC863B /* Follow.storyboard */ = {
			isa = PBXVariantGroup;
			children = (
				741F55D01DDEE92500DC863B /* Base */,
			);
			name = Follow.storyboard;
			path = ../../Main;
			sourceTree = "<group>";
		};
		741F55D21DDEE93D00DC863B /* Profile.storyboard */ = {
			isa = PBXVariantGroup;
			children = (
				741F55D31DDEE93D00DC863B /* Base */,
			);
			name = Profile.storyboard;
			path = ../../Main;
			sourceTree = "<group>";
		};
/* End PBXVariantGroup section */

/* Begin XCBuildConfiguration section */
		741F55AA1DDED6C000DC863B /* Debug */ = {
			isa = XCBuildConfiguration;
			buildSettings = {
				ALWAYS_SEARCH_USER_PATHS = NO;
				CLANG_ANALYZER_NONNULL = YES;
				CLANG_CXX_LANGUAGE_STANDARD = "gnu++0x";
				CLANG_CXX_LIBRARY = "libc++";
				CLANG_ENABLE_MODULES = YES;
				CLANG_ENABLE_OBJC_ARC = YES;
				CLANG_WARN_BOOL_CONVERSION = YES;
				CLANG_WARN_CONSTANT_CONVERSION = YES;
				CLANG_WARN_DIRECT_OBJC_ISA_USAGE = YES_ERROR;
				CLANG_WARN_DOCUMENTATION_COMMENTS = YES;
				CLANG_WARN_EMPTY_BODY = YES;
				CLANG_WARN_ENUM_CONVERSION = YES;
				CLANG_WARN_INFINITE_RECURSION = YES;
				CLANG_WARN_INT_CONVERSION = YES;
				CLANG_WARN_OBJC_ROOT_CLASS = YES_ERROR;
				CLANG_WARN_SUSPICIOUS_MOVE = YES;
				CLANG_WARN_SUSPICIOUS_MOVES = YES;
				CLANG_WARN_UNREACHABLE_CODE = YES;
				CLANG_WARN__DUPLICATE_METHOD_MATCH = YES;
				"CODE_SIGN_IDENTITY[sdk=iphoneos*]" = "iPhone Developer";
				COPY_PHASE_STRIP = NO;
				DEBUG_INFORMATION_FORMAT = dwarf;
				ENABLE_STRICT_OBJC_MSGSEND = YES;
				ENABLE_TESTABILITY = YES;
				GCC_C_LANGUAGE_STANDARD = gnu99;
				GCC_DYNAMIC_NO_PIC = NO;
				GCC_NO_COMMON_BLOCKS = YES;
				GCC_OPTIMIZATION_LEVEL = 0;
				GCC_PREPROCESSOR_DEFINITIONS = (
					"DEBUG=1",
					"$(inherited)",
				);
				GCC_WARN_64_TO_32_BIT_CONVERSION = YES;
				GCC_WARN_ABOUT_RETURN_TYPE = YES_ERROR;
				GCC_WARN_UNDECLARED_SELECTOR = YES;
				GCC_WARN_UNINITIALIZED_AUTOS = YES_AGGRESSIVE;
				GCC_WARN_UNUSED_FUNCTION = YES;
				GCC_WARN_UNUSED_VARIABLE = YES;
				IPHONEOS_DEPLOYMENT_TARGET = 9.0;
				MTL_ENABLE_DEBUG_INFO = YES;
				ONLY_ACTIVE_ARCH = YES;
				SDKROOT = iphoneos;
				SWIFT_ACTIVE_COMPILATION_CONDITIONS = DEBUG;
				SWIFT_OPTIMIZATION_LEVEL = "-Onone";
				TARGETED_DEVICE_FAMILY = "1,2";
			};
			name = Debug;
		};
		741F55AB1DDED6C000DC863B /* Release */ = {
			isa = XCBuildConfiguration;
			buildSettings = {
				ALWAYS_SEARCH_USER_PATHS = NO;
				CLANG_ANALYZER_NONNULL = YES;
				CLANG_CXX_LANGUAGE_STANDARD = "gnu++0x";
				CLANG_CXX_LIBRARY = "libc++";
				CLANG_ENABLE_MODULES = YES;
				CLANG_ENABLE_OBJC_ARC = YES;
				CLANG_WARN_BOOL_CONVERSION = YES;
				CLANG_WARN_CONSTANT_CONVERSION = YES;
				CLANG_WARN_DIRECT_OBJC_ISA_USAGE = YES_ERROR;
				CLANG_WARN_DOCUMENTATION_COMMENTS = YES;
				CLANG_WARN_EMPTY_BODY = YES;
				CLANG_WARN_ENUM_CONVERSION = YES;
				CLANG_WARN_INFINITE_RECURSION = YES;
				CLANG_WARN_INT_CONVERSION = YES;
				CLANG_WARN_OBJC_ROOT_CLASS = YES_ERROR;
				CLANG_WARN_SUSPICIOUS_MOVE = YES;
				CLANG_WARN_SUSPICIOUS_MOVES = YES;
				CLANG_WARN_UNREACHABLE_CODE = YES;
				CLANG_WARN__DUPLICATE_METHOD_MATCH = YES;
				"CODE_SIGN_IDENTITY[sdk=iphoneos*]" = "iPhone Developer";
				COPY_PHASE_STRIP = NO;
				DEBUG_INFORMATION_FORMAT = "dwarf-with-dsym";
				ENABLE_NS_ASSERTIONS = NO;
				ENABLE_STRICT_OBJC_MSGSEND = YES;
				GCC_C_LANGUAGE_STANDARD = gnu99;
				GCC_NO_COMMON_BLOCKS = YES;
				GCC_WARN_64_TO_32_BIT_CONVERSION = YES;
				GCC_WARN_ABOUT_RETURN_TYPE = YES_ERROR;
				GCC_WARN_UNDECLARED_SELECTOR = YES;
				GCC_WARN_UNINITIALIZED_AUTOS = YES_AGGRESSIVE;
				GCC_WARN_UNUSED_FUNCTION = YES;
				GCC_WARN_UNUSED_VARIABLE = YES;
				IPHONEOS_DEPLOYMENT_TARGET = 9.0;
				MTL_ENABLE_DEBUG_INFO = NO;
				SDKROOT = iphoneos;
				SWIFT_OPTIMIZATION_LEVEL = "-Owholemodule";
				TARGETED_DEVICE_FAMILY = "1,2";
				VALIDATE_PRODUCT = YES;
			};
			name = Release;
		};
		741F55AD1DDED6C000DC863B /* Debug */ = {
			isa = XCBuildConfiguration;
			baseConfigurationReference = CAAF6AE54B77EF7F13FDE310 /* Pods-ZBDY.debug.xcconfig */;
			buildSettings = {
				ALWAYS_EMBED_SWIFT_STANDARD_LIBRARIES = YES;
				ASSETCATALOG_COMPILER_APPICON_NAME = AppIcon;
				ASSETCATALOG_COMPILER_LAUNCHIMAGE_NAME = LaunchImage;
				DEVELOPMENT_TEAM = NEDBZL7MPY;
				INFOPLIST_FILE = ZBDY/Info.plist;
				LD_RUNPATH_SEARCH_PATHS = "$(inherited) @executable_path/Frameworks";
				PRODUCT_BUNDLE_IDENTIFIER = com.caissa.ZBDY;
				PRODUCT_NAME = "$(TARGET_NAME)";
				SWIFT_VERSION = 3.0;
			};
			name = Debug;
		};
		741F55AE1DDED6C000DC863B /* Release */ = {
			isa = XCBuildConfiguration;
			baseConfigurationReference = C3E0441F695F0FB96818BDC9 /* Pods-ZBDY.release.xcconfig */;
			buildSettings = {
				ALWAYS_EMBED_SWIFT_STANDARD_LIBRARIES = YES;
				ASSETCATALOG_COMPILER_APPICON_NAME = AppIcon;
				ASSETCATALOG_COMPILER_LAUNCHIMAGE_NAME = LaunchImage;
				DEVELOPMENT_TEAM = NEDBZL7MPY;
				INFOPLIST_FILE = ZBDY/Info.plist;
				LD_RUNPATH_SEARCH_PATHS = "$(inherited) @executable_path/Frameworks";
				PRODUCT_BUNDLE_IDENTIFIER = com.caissa.ZBDY;
				PRODUCT_NAME = "$(TARGET_NAME)";
				SWIFT_VERSION = 3.0;
			};
			name = Release;
		};
/* End XCBuildConfiguration section */

/* Begin XCConfigurationList section */
		741F55951DDED6C000DC863B /* Build configuration list for PBXProject "ZBDY" */ = {
			isa = XCConfigurationList;
			buildConfigurations = (
				741F55AA1DDED6C000DC863B /* Debug */,
				741F55AB1DDED6C000DC863B /* Release */,
			);
			defaultConfigurationIsVisible = 0;
			defaultConfigurationName = Debug;
		};
		741F55AC1DDED6C000DC863B /* Build configuration list for PBXNativeTarget "ZBDY" */ = {
			isa = XCConfigurationList;
			buildConfigurations = (
				741F55AD1DDED6C000DC863B /* Debug */,
				741F55AE1DDED6C000DC863B /* Release */,
			);
			defaultConfigurationIsVisible = 0;
			defaultConfigurationName = Debug;
		};
/* End XCConfigurationList section */
	};
	rootObject = 741F55921DDED6C000DC863B /* Project object */;
}
